
Microsoft Visual Studio Solution File, Format Version 12.00
Project("{FAE04EC0-301F-11D3-BF4B-00C04F79EFBC}") = "CarFinance.Api.Customer", "CarFinance.Api.Customer\CarFinance.Api.Customer.csproj", "{E26C4EBD-BAC8-41F1-9186-9B70D41F344F}"
EndProject
Project("{FAE04EC0-301F-11D3-BF4B-00C04F79EFBC}") = "CarFinance.Api.Customer.UnitTests", "CarFinance.Api.Customer.UnitTests\CarFinance.Api.Customer.UnitTests.csproj", "{1E751A1A-BC3C-4DFD-BDA3-1F68017239D5}"
EndProject
Global
	GlobalSection(SolutionConfigurationPlatforms) = preSolution
		Debug|Any CPU = Debug|Any CPU
		Release|Any CPU = Release|Any CPU
	EndGlobalSection
	GlobalSection(ProjectConfigurationPlatforms) = postSolution
		{E26C4EBD-BAC8-41F1-9186-9B70D41F344F}.Debug|Any CPU.ActiveCfg = Debug|Any CPU
		{E26C4EBD-BAC8-41F1-9186-9B70D41F344F}.Debug|Any CPU.Build.0 = Debug|Any CPU
		{E26C4EBD-BAC8-41F1-9186-9B70D41F344F}.Release|Any CPU.ActiveCfg = Release|Any CPU
		{E26C4EBD-BAC8-41F1-9186-9B70D41F344F}.Release|Any CPU.Build.0 = Release|Any CPU
		{1E751A1A-BC3C-4DFD-BDA3-1F68017239D5}.Debug|Any CPU.ActiveCfg = Debug|Any CPU
		{1E751A1A-BC3C-4DFD-BDA3-1F68017239D5}.Debug|Any CPU.Build.0 = Debug|Any CPU
		{1E751A1A-BC3C-4DFD-BDA3-1F68017239D5}.Release|Any CPU.ActiveCfg = Release|Any CPU
		{1E751A1A-BC3C-4DFD-BDA3-1F68017239D5}.Release|Any CPU.Build.0 = Release|Any CPU
	EndGlobalSection
EndGlobal
